
Microsoft Visual Studio Solution File, Format Version 12.00
# Visual Studio Version 17
VisualStudioVersion = 17.13.35818.85 d17.13
MinimumVisualStudioVersion = 10.0.40219.1
Project("{FAE04EC0-301F-11D3-BF4B-00C04F79EFBC}") = "WorkLog", "WorkLog\WorkLog.csproj", "{612091A8-1C76-48D3-BE07-184DE8ACCF7C}"
EndProject
Global
	GlobalSection(SolutionConfigurationPlatforms) = preSolution
		Debug|Any CPU = Debug|Any CPU
		Release|Any CPU = Release|Any CPU
	EndGlobalSection
	GlobalSection(ProjectConfigurationPlatforms) = postSolution
		{612091A8-1C76-48D3-BE07-184DE8ACCF7C}.Debug|Any CPU.ActiveCfg = Debug|Any CPU
		{612091A8-1C76-48D3-BE07-184DE8ACCF7C}.Debug|Any CPU.Build.0 = Debug|Any CPU
		{612091A8-1C76-48D3-BE07-184DE8ACCF7C}.Release|Any CPU.ActiveCfg = Release|Any CPU
		{612091A8-1C76-48D3-BE07-184DE8ACCF7C}.Release|Any CPU.Build.0 = Release|Any CPU
	EndGlobalSection
	GlobalSection(SolutionProperties) = preSolution
		HideSolutionNode = FALSE
	EndGlobalSection
	GlobalSection(ExtensibilityGlobals) = postSolution
		SolutionGuid = {CC64F273-5909-4496-AC7A-B35B271F3F25}
	EndGlobalSection
EndGlobal
